
Microsoft Visual Studio Solution File, Format Version 12.00
# Visual Studio 14
VisualStudioVersion = 14.0.25123.0
MinimumVisualStudioVersion = 10.0.40219.1
Project("{FAE04EC0-301F-11D3-BF4B-00C04F79EFBC}") = "RectangleOf10x10Stars", "RectangleOf10x10Stars\RectangleOf10x10Stars.csproj", "{7E6FA0E7-7914-44A6-A501-390D086F7612}"
EndProject
Project("{FAE04EC0-301F-11D3-BF4B-00C04F79EFBC}") = "RectangleNxNdtars", "RectangleNxNdtars\RectangleNxNdtars.csproj", "{0B3891DD-281C-4202-B1D3-8EAAF0F8373F}"
EndProject
Project("{FAE04EC0-301F-11D3-BF4B-00C04F79EFBC}") = "SquareOfStars", "SquareOfStars\SquareOfStars.csproj", "{6F84D0B7-0357-4A52-AEF4-971EE8FC639C}"
EndProject
Project("{FAE04EC0-301F-11D3-BF4B-00C04F79EFBC}") = "TriangleOfDollars", "TriangleOfDollars\TriangleOfDollars.csproj", "{1EB860E7-BB8F-40EB-8DA4-8D526C1CDB89}"
EndProject
Project("{FAE04EC0-301F-11D3-BF4B-00C04F79EFBC}") = "SquareFrame", "SquareFrame\SquareFrame.csproj", "{6EE0CF91-6B67-4BFB-A0E1-A43EAD74C09F}"
EndProject
Project("{FAE04EC0-301F-11D3-BF4B-00C04F79EFBC}") = "Rhombusof Stars", "Rhombusof Stars\Rhombusof Stars.csproj", "{0CFB18BB-B8C4-4EC3-B28B-6B2C5CA6587B}"
EndProject
Project("{FAE04EC0-301F-11D3-BF4B-00C04F79EFBC}") = "ChristmasTree", "ChristmasTree\ChristmasTree.csproj", "{DF77562A-BF72-4CAB-9B03-0CFE63645BF9}"
EndProject
Project("{FAE04EC0-301F-11D3-BF4B-00C04F79EFBC}") = "Sunglasses", "Sunglasses\Sunglasses.csproj", "{165630EC-A2F8-405C-8240-00F66C166DA5}"
EndProject
Project("{FAE04EC0-301F-11D3-BF4B-00C04F79EFBC}") = "House", "House\House.csproj", "{7F5E7E02-208D-4B58-BA50-2C39D9D00C05}"
EndProject
Project("{FAE04EC0-301F-11D3-BF4B-00C04F79EFBC}") = "Diamond", "Diamond\Diamond.csproj", "{C2F6D1D5-9A57-4E41-B1AD-081ABA810D89}"
EndProject
Project("{FAE04EC0-301F-11D3-BF4B-00C04F79EFBC}") = "WebApp-Ratings", "WebApp-Ratings\WebApp-Ratings.csproj", "{A9F778C0-3F3A-4332-997F-D569DF29B7D8}"
EndProject
Project("{FAE04EC0-301F-11D3-BF4B-00C04F79EFBC}") = "DrawFort", "DrawFort\DrawFort.csproj", "{392685AE-ADAB-4714-BF40-B04A1B478707}"
EndProject
Project("{FAE04EC0-301F-11D3-BF4B-00C04F79EFBC}") = "Peperuda", "Peperuda\Peperuda.csproj", "{4D8D1658-0E06-45A4-BCCF-140CFDE962FE}"
EndProject
Project("{FAE04EC0-301F-11D3-BF4B-00C04F79EFBC}") = "STOP", "STOP\STOP.csproj", "{654AEC1E-3825-4F2F-9BDB-C2DBEB7BC3D5}"
EndProject
Global
	GlobalSection(SolutionConfigurationPlatforms) = preSolution
		Debug|Any CPU = Debug|Any CPU
		Release|Any CPU = Release|Any CPU
	EndGlobalSection
	GlobalSection(ProjectConfigurationPlatforms) = postSolution
		{7E6FA0E7-7914-44A6-A501-390D086F7612}.Debug|Any CPU.ActiveCfg = Debug|Any CPU
		{7E6FA0E7-7914-44A6-A501-390D086F7612}.Debug|Any CPU.Build.0 = Debug|Any CPU
		{7E6FA0E7-7914-44A6-A501-390D086F7612}.Release|Any CPU.ActiveCfg = Release|Any CPU
		{7E6FA0E7-7914-44A6-A501-390D086F7612}.Release|Any CPU.Build.0 = Release|Any CPU
		{0B3891DD-281C-4202-B1D3-8EAAF0F8373F}.Debug|Any CPU.ActiveCfg = Debug|Any CPU
		{0B3891DD-281C-4202-B1D3-8EAAF0F8373F}.Debug|Any CPU.Build.0 = Debug|Any CPU
		{0B3891DD-281C-4202-B1D3-8EAAF0F8373F}.Release|Any CPU.ActiveCfg = Release|Any CPU
		{0B3891DD-281C-4202-B1D3-8EAAF0F8373F}.Release|Any CPU.Build.0 = Release|Any CPU
		{6F84D0B7-0357-4A52-AEF4-971EE8FC639C}.Debug|Any CPU.ActiveCfg = Debug|Any CPU
		{6F84D0B7-0357-4A52-AEF4-971EE8FC639C}.Debug|Any CPU.Build.0 = Debug|Any CPU
		{6F84D0B7-0357-4A52-AEF4-971EE8FC639C}.Release|Any CPU.ActiveCfg = Release|Any CPU
		{6F84D0B7-0357-4A52-AEF4-971EE8FC639C}.Release|Any CPU.Build.0 = Release|Any CPU
		{1EB860E7-BB8F-40EB-8DA4-8D526C1CDB89}.Debug|Any CPU.ActiveCfg = Debug|Any CPU
		{1EB860E7-BB8F-40EB-8DA4-8D526C1CDB89}.Debug|Any CPU.Build.0 = Debug|Any CPU
		{1EB860E7-BB8F-40EB-8DA4-8D526C1CDB89}.Release|Any CPU.ActiveCfg = Release|Any CPU
		{1EB860E7-BB8F-40EB-8DA4-8D526C1CDB89}.Release|Any CPU.Build.0 = Release|Any CPU
		{6EE0CF91-6B67-4BFB-A0E1-A43EAD74C09F}.Debug|Any CPU.ActiveCfg = Debug|Any CPU
		{6EE0CF91-6B67-4BFB-A0E1-A43EAD74C09F}.Debug|Any CPU.Build.0 = Debug|Any CPU
		{6EE0CF91-6B67-4BFB-A0E1-A43EAD74C09F}.Release|Any CPU.ActiveCfg = Release|Any CPU
		{6EE0CF91-6B67-4BFB-A0E1-A43EAD74C09F}.Release|Any CPU.Build.0 = Release|Any CPU
		{0CFB18BB-B8C4-4EC3-B28B-6B2C5CA6587B}.Debug|Any CPU.ActiveCfg = Debug|Any CPU
		{0CFB18BB-B8C4-4EC3-B28B-6B2C5CA6587B}.Debug|Any CPU.Build.0 = Debug|Any CPU
		{0CFB18BB-B8C4-4EC3-B28B-6B2C5CA6587B}.Release|Any CPU.ActiveCfg = Release|Any CPU
		{0CFB18BB-B8C4-4EC3-B28B-6B2C5CA6587B}.Release|Any CPU.Build.0 = Release|Any CPU
		{DF77562A-BF72-4CAB-9B03-0CFE63645BF9}.Debug|Any CPU.ActiveCfg = Debug|Any CPU
		{DF77562A-BF72-4CAB-9B03-0CFE63645BF9}.Debug|Any CPU.Build.0 = Debug|Any CPU
		{DF77562A-BF72-4CAB-9B03-0CFE63645BF9}.Release|Any CPU.ActiveCfg = Release|Any CPU
		{DF77562A-BF72-4CAB-9B03-0CFE63645BF9}.Release|Any CPU.Build.0 = Release|Any CPU
		{165630EC-A2F8-405C-8240-00F66C166DA5}.Debug|Any CPU.ActiveCfg = Debug|Any CPU
		{165630EC-A2F8-405C-8240-00F66C166DA5}.Debug|Any CPU.Build.0 = Debug|Any CPU
		{165630EC-A2F8-405C-8240-00F66C166DA5}.Release|Any CPU.ActiveCfg = Release|Any CPU
		{165630EC-A2F8-405C-8240-00F66C166DA5}.Release|Any CPU.Build.0 = Release|Any CPU
		{7F5E7E02-208D-4B58-BA50-2C39D9D00C05}.Debug|Any CPU.ActiveCfg = Debug|Any CPU
		{7F5E7E02-208D-4B58-BA50-2C39D9D00C05}.Debug|Any CPU.Build.0 = Debug|Any CPU
		{7F5E7E02-208D-4B58-BA50-2C39D9D00C05}.Release|Any CPU.ActiveCfg = Release|Any CPU
		{7F5E7E02-208D-4B58-BA50-2C39D9D00C05}.Release|Any CPU.Build.0 = Release|Any CPU
		{C2F6D1D5-9A57-4E41-B1AD-081ABA810D89}.Debug|Any CPU.ActiveCfg = Debug|Any CPU
		{C2F6D1D5-9A57-4E41-B1AD-081ABA810D89}.Debug|Any CPU.Build.0 = Debug|Any CPU
		{C2F6D1D5-9A57-4E41-B1AD-081ABA810D89}.Release|Any CPU.ActiveCfg = Release|Any CPU
		{C2F6D1D5-9A57-4E41-B1AD-081ABA810D89}.Release|Any CPU.Build.0 = Release|Any CPU
		{A9F778C0-3F3A-4332-997F-D569DF29B7D8}.Debug|Any CPU.ActiveCfg = Debug|Any CPU
		{A9F778C0-3F3A-4332-997F-D569DF29B7D8}.Debug|Any CPU.Build.0 = Debug|Any CPU
		{A9F778C0-3F3A-4332-997F-D569DF29B7D8}.Release|Any CPU.ActiveCfg = Release|Any CPU
		{A9F778C0-3F3A-4332-997F-D569DF29B7D8}.Release|Any CPU.Build.0 = Release|Any CPU
		{392685AE-ADAB-4714-BF40-B04A1B478707}.Debug|Any CPU.ActiveCfg = Debug|Any CPU
		{392685AE-ADAB-4714-BF40-B04A1B478707}.Debug|Any CPU.Build.0 = Debug|Any CPU
		{392685AE-ADAB-4714-BF40-B04A1B478707}.Release|Any CPU.ActiveCfg = Release|Any CPU
		{392685AE-ADAB-4714-BF40-B04A1B478707}.Release|Any CPU.Build.0 = Release|Any CPU
		{4D8D1658-0E06-45A4-BCCF-140CFDE962FE}.Debug|Any CPU.ActiveCfg = Debug|Any CPU
		{4D8D1658-0E06-45A4-BCCF-140CFDE962FE}.Debug|Any CPU.Build.0 = Debug|Any CPU
		{4D8D1658-0E06-45A4-BCCF-140CFDE962FE}.Release|Any CPU.ActiveCfg = Release|Any CPU
		{4D8D1658-0E06-45A4-BCCF-140CFDE962FE}.Release|Any CPU.Build.0 = Release|Any CPU
		{654AEC1E-3825-4F2F-9BDB-C2DBEB7BC3D5}.Debug|Any CPU.ActiveCfg = Debug|Any CPU
		{654AEC1E-3825-4F2F-9BDB-C2DBEB7BC3D5}.Debug|Any CPU.Build.0 = Debug|Any CPU
		{654AEC1E-3825-4F2F-9BDB-C2DBEB7BC3D5}.Release|Any CPU.ActiveCfg = Release|Any CPU
		{654AEC1E-3825-4F2F-9BDB-C2DBEB7BC3D5}.Release|Any CPU.Build.0 = Release|Any CPU
	EndGlobalSection
	GlobalSection(SolutionProperties) = preSolution
		HideSolutionNode = FALSE
	EndGlobalSection
EndGlobal
